// !$*UTF8*$!
{
	archiveVersion = 1;
	classes = {
	};
	objectVersion = 46;
	objects = {

/* Begin PBXBuildFile section */
		C9CE22E0EEF642DFB37EBB24 /* libPods.a in Frameworks */ = {isa = PBXBuildFile; fileRef = 233F158B0E4145AAB319A6FD /* libPods.a */; };
		F10BB56F1830DA94006348EC /* DirectionsCell.m in Sources */ = {isa = PBXBuildFile; fileRef = F10BB56E1830DA94006348EC /* DirectionsCell.m */; };
		F1102DB6182AE378000B3677 /* StepByStepRouteViewController.m in Sources */ = {isa = PBXBuildFile; fileRef = F1102DB5182AE378000B3677 /* StepByStepRouteViewController.m */; };
		F1618107183BAAE700EF2830 /* DirectionCellModel.m in Sources */ = {isa = PBXBuildFile; fileRef = F1618106183BAAE700EF2830 /* DirectionCellModel.m */; };
		F161810A183BCCFB00EF2830 /* ShopController.m in Sources */ = {isa = PBXBuildFile; fileRef = F1618109183BCCFB00EF2830 /* ShopController.m */; };
		F165338A183F5D57004E43FD /* find-shops.png in Resources */ = {isa = PBXBuildFile; fileRef = F1653389183F5D57004E43FD /* find-shops.png */; };
		F165338C183F5E3B004E43FD /* comments.png in Resources */ = {isa = PBXBuildFile; fileRef = F165338B183F5E3B004E43FD /* comments.png */; };
		F165338E183F5EDE004E43FD /* hot-tab-icon.png in Resources */ = {isa = PBXBuildFile; fileRef = F165338D183F5EDE004E43FD /* hot-tab-icon.png */; };
		F1653392183F5F7B004E43FD /* settings-icon.png in Resources */ = {isa = PBXBuildFile; fileRef = F1653391183F5F7B004E43FD /* settings-icon.png */; };
		F16EC250183E42A300C4D857 /* default-image.jpg in Resources */ = {isa = PBXBuildFile; fileRef = F16EC24F183E42A300C4D857 /* default-image.jpg */; };
		F17B40EB182F82CD007C1E92 /* GoogleAPIShop.m in Sources */ = {isa = PBXBuildFile; fileRef = F17B40EA182F82CD007C1E92 /* GoogleAPIShop.m */; };
		F193B636183CF8A7008CA8FC /* RouteController.m in Sources */ = {isa = PBXBuildFile; fileRef = F193B635183CF8A7008CA8FC /* RouteController.m */; };
		F193B639183D2631008CA8FC /* MapSnapshotsController.m in Sources */ = {isa = PBXBuildFile; fileRef = F193B638183D2631008CA8FC /* MapSnapshotsController.m */; };
		F193B63D183DEAA3008CA8FC /* WatsHotViewController.m in Sources */ = {isa = PBXBuildFile; fileRef = F193B63C183DEAA3008CA8FC /* WatsHotViewController.m */; };
		F193B640183DEC94008CA8FC /* WatsHotCell.m in Sources */ = {isa = PBXBuildFile; fileRef = F193B63F183DEC94008CA8FC /* WatsHotCell.m */; };
		F193B644183E127E008CA8FC /* PostFromJSON.m in Sources */ = {isa = PBXBuildFile; fileRef = F193B643183E127E008CA8FC /* PostFromJSON.m */; };
		F19B99CD1828F54400D9183D /* Foundation.framework in Frameworks */ = {isa = PBXBuildFile; fileRef = F19B99CC1828F54400D9183D /* Foundation.framework */; };
		F19B99CF1828F54400D9183D /* CoreGraphics.framework in Frameworks */ = {isa = PBXBuildFile; fileRef = F19B99CE1828F54400D9183D /* CoreGraphics.framework */; };
		F19B99D11828F54400D9183D /* UIKit.framework in Frameworks */ = {isa = PBXBuildFile; fileRef = F19B99D01828F54400D9183D /* UIKit.framework */; };
		F19B99D71828F54400D9183D /* InfoPlist.strings in Resources */ = {isa = PBXBuildFile; fileRef = F19B99D51828F54400D9183D /* InfoPlist.strings */; };
		F19B99D91828F54400D9183D /* main.m in Sources */ = {isa = PBXBuildFile; fileRef = F19B99D81828F54400D9183D /* main.m */; };
		F19B99DD1828F54400D9183D /* AppDelegate.m in Sources */ = {isa = PBXBuildFile; fileRef = F19B99DC1828F54400D9183D /* AppDelegate.m */; };
		F19B99E01828F54400D9183D /* Main_iPhone.storyboard in Resources */ = {isa = PBXBuildFile; fileRef = F19B99DE1828F54400D9183D /* Main_iPhone.storyboard */; };
		F19B99E31828F54400D9183D /* Main_iPad.storyboard in Resources */ = {isa = PBXBuildFile; fileRef = F19B99E11828F54400D9183D /* Main_iPad.storyboard */; };
		F19B99E81828F54400D9183D /* Images.xcassets in Resources */ = {isa = PBXBuildFile; fileRef = F19B99E71828F54400D9183D /* Images.xcassets */; };
		F19B99EF1828F54400D9183D /* XCTest.framework in Frameworks */ = {isa = PBXBuildFile; fileRef = F19B99EE1828F54400D9183D /* XCTest.framework */; };
		F19B99F01828F54400D9183D /* Foundation.framework in Frameworks */ = {isa = PBXBuildFile; fileRef = F19B99CC1828F54400D9183D /* Foundation.framework */; };
		F19B99F11828F54400D9183D /* UIKit.framework in Frameworks */ = {isa = PBXBuildFile; fileRef = F19B99D01828F54400D9183D /* UIKit.framework */; };
		F19B99F91828F54400D9183D /* InfoPlist.strings in Resources */ = {isa = PBXBuildFile; fileRef = F19B99F71828F54400D9183D /* InfoPlist.strings */; };
		F19B99FB1828F54400D9183D /* SmartShopTests.m in Sources */ = {isa = PBXBuildFile; fileRef = F19B99FA1828F54400D9183D /* SmartShopTests.m */; };
		F1A8654418329E9C00975F96 /* SocialNetworksViewController.m in Sources */ = {isa = PBXBuildFile; fileRef = F1A8654318329E9C00975F96 /* SocialNetworksViewController.m */; };
		F1A865461832E0D700975F96 /* Social.framework in Frameworks */ = {isa = PBXBuildFile; fileRef = F1A865451832E0D700975F96 /* Social.framework */; };
		F1A865481832E0DC00975F96 /* Accounts.framework in Frameworks */ = {isa = PBXBuildFile; fileRef = F1A865471832E0DC00975F96 /* Accounts.framework */; };
		F1A8654B18337A9900975F96 /* Model.xcdatamodeld in Sources */ = {isa = PBXBuildFile; fileRef = F1A8654918337A9900975F96 /* Model.xcdatamodeld */; };
		F1A8655818337FDE00975F96 /* Shop.m in Sources */ = {isa = PBXBuildFile; fileRef = F1A8655718337FDE00975F96 /* Shop.m */; };
		F1A8655E18337FDE00975F96 /* Post.m in Sources */ = {isa = PBXBuildFile; fileRef = F1A8655D18337FDE00975F96 /* Post.m */; };
		F1A8656018338B0600975F96 /* CoreData.framework in Frameworks */ = {isa = PBXBuildFile; fileRef = F1A8655F18338B0600975F96 /* CoreData.framework */; };
		F1A8656618338D5100975F96 /* User.m in Sources */ = {isa = PBXBuildFile; fileRef = F1A8656518338D5100975F96 /* User.m */; };
		F1A8656818338F3B00975F96 /* Settings.bundle in Resources */ = {isa = PBXBuildFile; fileRef = F1A8656718338F3B00975F96 /* Settings.bundle */; };
		F1A8656B1833984F00975F96 /* LoginViewController.m in Sources */ = {isa = PBXBuildFile; fileRef = F1A8656A1833984F00975F96 /* LoginViewController.m */; };
		F1C226F81828FB6D001AB3E8 /* MapKit.framework in Frameworks */ = {isa = PBXBuildFile; fileRef = F1C226F71828FB6D001AB3E8 /* MapKit.framework */; };
		F1C226FA1828FB75001AB3E8 /* CoreLocation.framework in Frameworks */ = {isa = PBXBuildFile; fileRef = F1C226F91828FB75001AB3E8 /* CoreLocation.framework */; };
		F1C226FD1828FDC8001AB3E8 /* RootViewController.m in Sources */ = {isa = PBXBuildFile; fileRef = F1C226FC1828FDC8001AB3E8 /* RootViewController.m */; };
		F1C9B9F4183EDD6000FC5D85 /* SettingsViewController.m in Sources */ = {isa = PBXBuildFile; fileRef = F1C9B9F3183EDD6000FC5D85 /* SettingsViewController.m */; };
		F1C9B9F7183EE21000FC5D85 /* FriendController.m in Sources */ = {isa = PBXBuildFile; fileRef = F1C9B9F6183EE21000FC5D85 /* FriendController.m */; };
		F1C9B9FA183EE35900FC5D85 /* UserFromJSON.m in Sources */ = {isa = PBXBuildFile; fileRef = F1C9B9F9183EE35900FC5D85 /* UserFromJSON.m */; };
		F1C9B9FF183EEB9A00FC5D85 /* CustomAnnotation.m in Sources */ = {isa = PBXBuildFile; fileRef = F1C9B9FE183EEB9A00FC5D85 /* CustomAnnotation.m */; };
		F1C9BA05183EF0A800FC5D85 /* person.png in Resources */ = {isa = PBXBuildFile; fileRef = F1C9BA04183EF0A800FC5D85 /* person.png */; };
		F1C9BA07183F1EDA00FC5D85 /* hot.png in Resources */ = {isa = PBXBuildFile; fileRef = F1C9BA06183F1EDA00FC5D85 /* hot.png */; };
		F1C9BA0B183F222C00FC5D85 /* freezing.png in Resources */ = {isa = PBXBuildFile; fileRef = F1C9BA0A183F222C00FC5D85 /* freezing.png */; };
		F1C9BA0D183F229800FC5D85 /* cool.png in Resources */ = {isa = PBXBuildFile; fileRef = F1C9BA0C183F229800FC5D85 /* cool.png */; };
		F1D1BDE4182FC53F0007094F /* Photo.m in Sources */ = {isa = PBXBuildFile; fileRef = F1D1BDE3182FC53F0007094F /* Photo.m */; };
		F1D1BDE7182FD3790007094F /* NSMapping.m in Sources */ = {isa = PBXBuildFile; fileRef = F1D1BDE6182FD3790007094F /* NSMapping.m */; };
		F1D1BDEA182FFE730007094F /* Route.m in Sources */ = {isa = PBXBuildFile; fileRef = F1D1BDE9182FFE730007094F /* Route.m */; };
		F1D1BDED183000230007094F /* Location.m in Sources */ = {isa = PBXBuildFile; fileRef = F1D1BDEC183000230007094F /* Location.m */; };
		F1D1BDF0183000D60007094F /* Leg.m in Sources */ = {isa = PBXBuildFile; fileRef = F1D1BDEF183000D60007094F /* Leg.m */; };
		F1D1BDF3183008A20007094F /* Step.m in Sources */ = {isa = PBXBuildFile; fileRef = F1D1BDF2183008A20007094F /* Step.m */; };
/* End PBXBuildFile section */

/* Begin PBXContainerItemProxy section */
		F19B99F21828F54400D9183D /* PBXContainerItemProxy */ = {
			isa = PBXContainerItemProxy;
			containerPortal = F19B99C11828F54400D9183D /* Project object */;
			proxyType = 1;
			remoteGlobalIDString = F19B99C81828F54400D9183D;
			remoteInfo = SmartShop;
		};
/* End PBXContainerItemProxy section */

/* Begin PBXFileReference section */
		233F158B0E4145AAB319A6FD /* libPods.a */ = {isa = PBXFileReference; explicitFileType = archive.ar; includeInIndex = 0; path = libPods.a; sourceTree = BUILT_PRODUCTS_DIR; };
		E1B82E736A034204A199A162 /* Pods.xcconfig */ = {isa = PBXFileReference; includeInIndex = 1; lastKnownFileType = text.xcconfig; name = Pods.xcconfig; path = Pods/Pods.xcconfig; sourceTree = "<group>"; };
		F10BB56D1830DA94006348EC /* DirectionsCell.h */ = {isa = PBXFileReference; fileEncoding = 4; lastKnownFileType = sourcecode.c.h; path = DirectionsCell.h; sourceTree = "<group>"; };
		F10BB56E1830DA94006348EC /* DirectionsCell.m */ = {isa = PBXFileReference; fileEncoding = 4; lastKnownFileType = sourcecode.c.objc; path = DirectionsCell.m; sourceTree = "<group>"; };
		F1102DB4182AE378000B3677 /* StepByStepRouteViewController.h */ = {isa = PBXFileReference; fileEncoding = 4; lastKnownFileType = sourcecode.c.h; path = StepByStepRouteViewController.h; sourceTree = "<group>"; };
		F1102DB5182AE378000B3677 /* StepByStepRouteViewController.m */ = {isa = PBXFileReference; fileEncoding = 4; lastKnownFileType = sourcecode.c.objc; path = StepByStepRouteViewController.m; sourceTree = "<group>"; };
		F1618105183BAAE700EF2830 /* DirectionCellModel.h */ = {isa = PBXFileReference; fileEncoding = 4; lastKnownFileType = sourcecode.c.h; path = DirectionCellModel.h; sourceTree = "<group>"; };
		F1618106183BAAE700EF2830 /* DirectionCellModel.m */ = {isa = PBXFileReference; fileEncoding = 4; lastKnownFileType = sourcecode.c.objc; path = DirectionCellModel.m; sourceTree = "<group>"; };
		F1618108183BCCFB00EF2830 /* ShopController.h */ = {isa = PBXFileReference; fileEncoding = 4; lastKnownFileType = sourcecode.c.h; path = ShopController.h; sourceTree = "<group>"; };
		F1618109183BCCFB00EF2830 /* ShopController.m */ = {isa = PBXFileReference; fileEncoding = 4; lastKnownFileType = sourcecode.c.objc; path = ShopController.m; sourceTree = "<group>"; };
		F1653389183F5D57004E43FD /* find-shops.png */ = {isa = PBXFileReference; lastKnownFileType = image.png; path = "find-shops.png"; sourceTree = "<group>"; };
		F165338B183F5E3B004E43FD /* comments.png */ = {isa = PBXFileReference; lastKnownFileType = image.png; path = comments.png; sourceTree = "<group>"; };
		F165338D183F5EDE004E43FD /* hot-tab-icon.png */ = {isa = PBXFileReference; lastKnownFileType = image.png; path = "hot-tab-icon.png"; sourceTree = "<group>"; };
		F1653391183F5F7B004E43FD /* settings-icon.png */ = {isa = PBXFileReference; lastKnownFileType = image.png; path = "settings-icon.png"; sourceTree = "<group>"; };
		F16EC24F183E42A300C4D857 /* default-image.jpg */ = {isa = PBXFileReference; lastKnownFileType = image.jpeg; path = "default-image.jpg"; sourceTree = "<group>"; };
		F17B40E9182F82CD007C1E92 /* GoogleAPIShop.h */ = {isa = PBXFileReference; fileEncoding = 4; lastKnownFileType = sourcecode.c.h; path = GoogleAPIShop.h; sourceTree = "<group>"; };
		F17B40EA182F82CD007C1E92 /* GoogleAPIShop.m */ = {isa = PBXFileReference; fileEncoding = 4; lastKnownFileType = sourcecode.c.objc; path = GoogleAPIShop.m; sourceTree = "<group>"; };
		F193B634183CF8A7008CA8FC /* RouteController.h */ = {isa = PBXFileReference; fileEncoding = 4; lastKnownFileType = sourcecode.c.h; path = RouteController.h; sourceTree = "<group>"; };
		F193B635183CF8A7008CA8FC /* RouteController.m */ = {isa = PBXFileReference; fileEncoding = 4; lastKnownFileType = sourcecode.c.objc; path = RouteController.m; sourceTree = "<group>"; };
		F193B637183D2631008CA8FC /* MapSnapshotsController.h */ = {isa = PBXFileReference; fileEncoding = 4; lastKnownFileType = sourcecode.c.h; path = MapSnapshotsController.h; sourceTree = "<group>"; };
		F193B638183D2631008CA8FC /* MapSnapshotsController.m */ = {isa = PBXFileReference; fileEncoding = 4; lastKnownFileType = sourcecode.c.objc; path = MapSnapshotsController.m; sourceTree = "<group>"; };
		F193B63B183DEAA3008CA8FC /* WatsHotViewController.h */ = {isa = PBXFileReference; fileEncoding = 4; lastKnownFileType = sourcecode.c.h; path = WatsHotViewController.h; sourceTree = "<group>"; };
		F193B63C183DEAA3008CA8FC /* WatsHotViewController.m */ = {isa = PBXFileReference; fileEncoding = 4; lastKnownFileType = sourcecode.c.objc; path = WatsHotViewController.m; sourceTree = "<group>"; };
		F193B63E183DEC94008CA8FC /* WatsHotCell.h */ = {isa = PBXFileReference; fileEncoding = 4; lastKnownFileType = sourcecode.c.h; path = WatsHotCell.h; sourceTree = "<group>"; };
		F193B63F183DEC94008CA8FC /* WatsHotCell.m */ = {isa = PBXFileReference; fileEncoding = 4; lastKnownFileType = sourcecode.c.objc; path = WatsHotCell.m; sourceTree = "<group>"; };
		F193B642183E127E008CA8FC /* PostFromJSON.h */ = {isa = PBXFileReference; fileEncoding = 4; lastKnownFileType = sourcecode.c.h; path = PostFromJSON.h; sourceTree = "<group>"; };
		F193B643183E127E008CA8FC /* PostFromJSON.m */ = {isa = PBXFileReference; fileEncoding = 4; lastKnownFileType = sourcecode.c.objc; path = PostFromJSON.m; sourceTree = "<group>"; };
		F19B99C91828F54400D9183D /* SmartShop.app */ = {isa = PBXFileReference; explicitFileType = wrapper.application; includeInIndex = 0; path = SmartShop.app; sourceTree = BUILT_PRODUCTS_DIR; };
		F19B99CC1828F54400D9183D /* Foundation.framework */ = {isa = PBXFileReference; lastKnownFileType = wrapper.framework; name = Foundation.framework; path = System/Library/Frameworks/Foundation.framework; sourceTree = SDKROOT; };
		F19B99CE1828F54400D9183D /* CoreGraphics.framework */ = {isa = PBXFileReference; lastKnownFileType = wrapper.framework; name = CoreGraphics.framework; path = System/Library/Frameworks/CoreGraphics.framework; sourceTree = SDKROOT; };
		F19B99D01828F54400D9183D /* UIKit.framework */ = {isa = PBXFileReference; lastKnownFileType = wrapper.framework; name = UIKit.framework; path = System/Library/Frameworks/UIKit.framework; sourceTree = SDKROOT; };
		F19B99D41828F54400D9183D /* SmartShop-Info.plist */ = {isa = PBXFileReference; lastKnownFileType = text.plist.xml; path = "SmartShop-Info.plist"; sourceTree = "<group>"; };
		F19B99D61828F54400D9183D /* en */ = {isa = PBXFileReference; lastKnownFileType = text.plist.strings; name = en; path = en.lproj/InfoPlist.strings; sourceTree = "<group>"; };
		F19B99D81828F54400D9183D /* main.m */ = {isa = PBXFileReference; lastKnownFileType = sourcecode.c.objc; path = main.m; sourceTree = "<group>"; };
		F19B99DA1828F54400D9183D /* SmartShop-Prefix.pch */ = {isa = PBXFileReference; lastKnownFileType = sourcecode.c.h; path = "SmartShop-Prefix.pch"; sourceTree = "<group>"; };
		F19B99DB1828F54400D9183D /* AppDelegate.h */ = {isa = PBXFileReference; lastKnownFileType = sourcecode.c.h; path = AppDelegate.h; sourceTree = "<group>"; };
		F19B99DC1828F54400D9183D /* AppDelegate.m */ = {isa = PBXFileReference; lastKnownFileType = sourcecode.c.objc; path = AppDelegate.m; sourceTree = "<group>"; };
		F19B99DF1828F54400D9183D /* Base */ = {isa = PBXFileReference; lastKnownFileType = file.storyboard; name = Base; path = Base.lproj/Main_iPhone.storyboard; sourceTree = "<group>"; };
		F19B99E21828F54400D9183D /* Base */ = {isa = PBXFileReference; lastKnownFileType = file.storyboard; name = Base; path = Base.lproj/Main_iPad.storyboard; sourceTree = "<group>"; };
		F19B99E71828F54400D9183D /* Images.xcassets */ = {isa = PBXFileReference; lastKnownFileType = folder.assetcatalog; path = Images.xcassets; sourceTree = "<group>"; };
		F19B99ED1828F54400D9183D /* SmartShopTests.xctest */ = {isa = PBXFileReference; explicitFileType = wrapper.cfbundle; includeInIndex = 0; path = SmartShopTests.xctest; sourceTree = BUILT_PRODUCTS_DIR; };
		F19B99EE1828F54400D9183D /* XCTest.framework */ = {isa = PBXFileReference; lastKnownFileType = wrapper.framework; name = XCTest.framework; path = Library/Frameworks/XCTest.framework; sourceTree = DEVELOPER_DIR; };
		F19B99F61828F54400D9183D /* SmartShopTests-Info.plist */ = {isa = PBXFileReference; lastKnownFileType = text.plist.xml; path = "SmartShopTests-Info.plist"; sourceTree = "<group>"; };
		F19B99F81828F54400D9183D /* en */ = {isa = PBXFileReference; lastKnownFileType = text.plist.strings; name = en; path = en.lproj/InfoPlist.strings; sourceTree = "<group>"; };
		F19B99FA1828F54400D9183D /* SmartShopTests.m */ = {isa = PBXFileReference; lastKnownFileType = sourcecode.c.objc; path = SmartShopTests.m; sourceTree = "<group>"; };
		F1A8654218329E9C00975F96 /* SocialNetworksViewController.h */ = {isa = PBXFileReference; fileEncoding = 4; lastKnownFileType = sourcecode.c.h; path = SocialNetworksViewController.h; sourceTree = "<group>"; };
		F1A8654318329E9C00975F96 /* SocialNetworksViewController.m */ = {isa = PBXFileReference; fileEncoding = 4; lastKnownFileType = sourcecode.c.objc; path = SocialNetworksViewController.m; sourceTree = "<group>"; };
		F1A865451832E0D700975F96 /* Social.framework */ = {isa = PBXFileReference; lastKnownFileType = wrapper.framework; name = Social.framework; path = System/Library/Frameworks/Social.framework; sourceTree = SDKROOT; };
		F1A865471832E0DC00975F96 /* Accounts.framework */ = {isa = PBXFileReference; lastKnownFileType = wrapper.framework; name = Accounts.framework; path = System/Library/Frameworks/Accounts.framework; sourceTree = SDKROOT; };
		F1A8654A18337A9900975F96 /* Model.xcdatamodel */ = {isa = PBXFileReference; lastKnownFileType = wrapper.xcdatamodel; path = Model.xcdatamodel; sourceTree = "<group>"; };
		F1A8655618337FDE00975F96 /* Shop.h */ = {isa = PBXFileReference; fileEncoding = 4; lastKnownFileType = sourcecode.c.h; path = Shop.h; sourceTree = "<group>"; };
		F1A8655718337FDE00975F96 /* Shop.m */ = {isa = PBXFileReference; fileEncoding = 4; lastKnownFileType = sourcecode.c.objc; path = Shop.m; sourceTree = "<group>"; };
		F1A8655C18337FDE00975F96 /* Post.h */ = {isa = PBXFileReference; fileEncoding = 4; lastKnownFileType = sourcecode.c.h; path = Post.h; sourceTree = "<group>"; };
		F1A8655D18337FDE00975F96 /* Post.m */ = {isa = PBXFileReference; fileEncoding = 4; lastKnownFileType = sourcecode.c.objc; path = Post.m; sourceTree = "<group>"; };
		F1A8655F18338B0600975F96 /* CoreData.framework */ = {isa = PBXFileReference; lastKnownFileType = wrapper.framework; name = CoreData.framework; path = System/Library/Frameworks/CoreData.framework; sourceTree = SDKROOT; };
		F1A8656418338D5100975F96 /* User.h */ = {isa = PBXFileReference; fileEncoding = 4; lastKnownFileType = sourcecode.c.h; path = User.h; sourceTree = "<group>"; };
		F1A8656518338D5100975F96 /* User.m */ = {isa = PBXFileReference; fileEncoding = 4; lastKnownFileType = sourcecode.c.objc; path = User.m; sourceTree = "<group>"; };
		F1A8656718338F3B00975F96 /* Settings.bundle */ = {isa = PBXFileReference; lastKnownFileType = "wrapper.plug-in"; path = Settings.bundle; sourceTree = "<group>"; };
		F1A865691833984F00975F96 /* LoginViewController.h */ = {isa = PBXFileReference; fileEncoding = 4; lastKnownFileType = sourcecode.c.h; path = LoginViewController.h; sourceTree = "<group>"; };
		F1A8656A1833984F00975F96 /* LoginViewController.m */ = {isa = PBXFileReference; fileEncoding = 4; lastKnownFileType = sourcecode.c.objc; path = LoginViewController.m; sourceTree = "<group>"; };
		F1C226F71828FB6D001AB3E8 /* MapKit.framework */ = {isa = PBXFileReference; lastKnownFileType = wrapper.framework; name = MapKit.framework; path = System/Library/Frameworks/MapKit.framework; sourceTree = SDKROOT; };
		F1C226F91828FB75001AB3E8 /* CoreLocation.framework */ = {isa = PBXFileReference; lastKnownFileType = wrapper.framework; name = CoreLocation.framework; path = System/Library/Frameworks/CoreLocation.framework; sourceTree = SDKROOT; };
		F1C226FB1828FDC8001AB3E8 /* RootViewController.h */ = {isa = PBXFileReference; fileEncoding = 4; lastKnownFileType = sourcecode.c.h; path = RootViewController.h; sourceTree = "<group>"; };
		F1C226FC1828FDC8001AB3E8 /* RootViewController.m */ = {isa = PBXFileReference; fileEncoding = 4; lastKnownFileType = sourcecode.c.objc; path = RootViewController.m; sourceTree = "<group>"; };
		F1C9B9F1183ED3C700FC5D85 /* UpdateViewDelegate.h */ = {isa = PBXFileReference; lastKnownFileType = sourcecode.c.h; path = UpdateViewDelegate.h; sourceTree = "<group>"; };
		F1C9B9F2183EDD6000FC5D85 /* SettingsViewController.h */ = {isa = PBXFileReference; fileEncoding = 4; lastKnownFileType = sourcecode.c.h; path = SettingsViewController.h; sourceTree = "<group>"; };
		F1C9B9F3183EDD6000FC5D85 /* SettingsViewController.m */ = {isa = PBXFileReference; fileEncoding = 4; lastKnownFileType = sourcecode.c.objc; path = SettingsViewController.m; sourceTree = "<group>"; };
		F1C9B9F5183EE21000FC5D85 /* FriendController.h */ = {isa = PBXFileReference; fileEncoding = 4; lastKnownFileType = sourcecode.c.h; path = FriendController.h; sourceTree = "<group>"; };
		F1C9B9F6183EE21000FC5D85 /* FriendController.m */ = {isa = PBXFileReference; fileEncoding = 4; lastKnownFileType = sourcecode.c.objc; path = FriendController.m; sourceTree = "<group>"; };
		F1C9B9F8183EE35900FC5D85 /* UserFromJSON.h */ = {isa = PBXFileReference; fileEncoding = 4; lastKnownFileType = sourcecode.c.h; path = UserFromJSON.h; sourceTree = "<group>"; };
		F1C9B9F9183EE35900FC5D85 /* UserFromJSON.m */ = {isa = PBXFileReference; fileEncoding = 4; lastKnownFileType = sourcecode.c.objc; path = UserFromJSON.m; sourceTree = "<group>"; };
		F1C9B9FD183EEB9A00FC5D85 /* CustomAnnotation.h */ = {isa = PBXFileReference; fileEncoding = 4; lastKnownFileType = sourcecode.c.h; path = CustomAnnotation.h; sourceTree = "<group>"; };
		F1C9B9FE183EEB9A00FC5D85 /* CustomAnnotation.m */ = {isa = PBXFileReference; fileEncoding = 4; lastKnownFileType = sourcecode.c.objc; path = CustomAnnotation.m; sourceTree = "<group>"; };
		F1C9BA04183EF0A800FC5D85 /* person.png */ = {isa = PBXFileReference; lastKnownFileType = image.png; path = person.png; sourceTree = "<group>"; };
		F1C9BA06183F1EDA00FC5D85 /* hot.png */ = {isa = PBXFileReference; lastKnownFileType = image.png; path = hot.png; sourceTree = "<group>"; };
		F1C9BA0A183F222C00FC5D85 /* freezing.png */ = {isa = PBXFileReference; lastKnownFileType = image.png; path = freezing.png; sourceTree = "<group>"; };
		F1C9BA0C183F229800FC5D85 /* cool.png */ = {isa = PBXFileReference; lastKnownFileType = image.png; path = cool.png; sourceTree = "<group>"; };
		F1D1BDE2182FC53F0007094F /* Photo.h */ = {isa = PBXFileReference; fileEncoding = 4; lastKnownFileType = sourcecode.c.h; path = Photo.h; sourceTree = "<group>"; };
		F1D1BDE3182FC53F0007094F /* Photo.m */ = {isa = PBXFileReference; fileEncoding = 4; lastKnownFileType = sourcecode.c.objc; path = Photo.m; sourceTree = "<group>"; };
		F1D1BDE5182FD3790007094F /* NSMapping.h */ = {isa = PBXFileReference; fileEncoding = 4; lastKnownFileType = sourcecode.c.h; path = NSMapping.h; sourceTree = "<group>"; };
		F1D1BDE6182FD3790007094F /* NSMapping.m */ = {isa = PBXFileReference; fileEncoding = 4; lastKnownFileType = sourcecode.c.objc; path = NSMapping.m; sourceTree = "<group>"; };
		F1D1BDE8182FFE730007094F /* Route.h */ = {isa = PBXFileReference; fileEncoding = 4; lastKnownFileType = sourcecode.c.h; path = Route.h; sourceTree = "<group>"; };
		F1D1BDE9182FFE730007094F /* Route.m */ = {isa = PBXFileReference; fileEncoding = 4; lastKnownFileType = sourcecode.c.objc; path = Route.m; sourceTree = "<group>"; };
		F1D1BDEB183000230007094F /* Location.h */ = {isa = PBXFileReference; fileEncoding = 4; lastKnownFileType = sourcecode.c.h; path = Location.h; sourceTree = "<group>"; };
		F1D1BDEC183000230007094F /* Location.m */ = {isa = PBXFileReference; fileEncoding = 4; lastKnownFileType = sourcecode.c.objc; path = Location.m; sourceTree = "<group>"; };
		F1D1BDEE183000D60007094F /* Leg.h */ = {isa = PBXFileReference; fileEncoding = 4; lastKnownFileType = sourcecode.c.h; path = Leg.h; sourceTree = "<group>"; };
		F1D1BDEF183000D60007094F /* Leg.m */ = {isa = PBXFileReference; fileEncoding = 4; lastKnownFileType = sourcecode.c.objc; path = Leg.m; sourceTree = "<group>"; };
		F1D1BDF1183008A20007094F /* Step.h */ = {isa = PBXFileReference; fileEncoding = 4; lastKnownFileType = sourcecode.c.h; path = Step.h; sourceTree = "<group>"; };
		F1D1BDF2183008A20007094F /* Step.m */ = {isa = PBXFileReference; fileEncoding = 4; lastKnownFileType = sourcecode.c.objc; path = Step.m; sourceTree = "<group>"; };
/* End PBXFileReference section */

/* Begin PBXFrameworksBuildPhase section */
		F19B99C61828F54400D9183D /* Frameworks */ = {
			isa = PBXFrameworksBuildPhase;
			buildActionMask = 2147483647;
			files = (
				F1A8656018338B0600975F96 /* CoreData.framework in Frameworks */,
				F1A865481832E0DC00975F96 /* Accounts.framework in Frameworks */,
				F1A865461832E0D700975F96 /* Social.framework in Frameworks */,
				F1C226FA1828FB75001AB3E8 /* CoreLocation.framework in Frameworks */,
				F1C226F81828FB6D001AB3E8 /* MapKit.framework in Frameworks */,
				F19B99CF1828F54400D9183D /* CoreGraphics.framework in Frameworks */,
				F19B99D11828F54400D9183D /* UIKit.framework in Frameworks */,
				F19B99CD1828F54400D9183D /* Foundation.framework in Frameworks */,
				C9CE22E0EEF642DFB37EBB24 /* libPods.a in Frameworks */,
			);
			runOnlyForDeploymentPostprocessing = 0;
		};
		F19B99EA1828F54400D9183D /* Frameworks */ = {
			isa = PBXFrameworksBuildPhase;
			buildActionMask = 2147483647;
			files = (
				F19B99EF1828F54400D9183D /* XCTest.framework in Frameworks */,
				F19B99F11828F54400D9183D /* UIKit.framework in Frameworks */,
				F19B99F01828F54400D9183D /* Foundation.framework in Frameworks */,
			);
			runOnlyForDeploymentPostprocessing = 0;
		};
/* End PBXFrameworksBuildPhase section */

/* Begin PBXGroup section */
		F1618104183BAA0600EF2830 /* Table View Cell */ = {
			isa = PBXGroup;
			children = (
				F1618105183BAAE700EF2830 /* DirectionCellModel.h */,
				F1618106183BAAE700EF2830 /* DirectionCellModel.m */,
			);
			name = "Table View Cell";
			sourceTree = "<group>";
		};
		F17B40EC182F82D9007C1E92 /* Model */ = {
			isa = PBXGroup;
			children = (
				F1D1BDE5182FD3790007094F /* NSMapping.h */,
				F1D1BDE6182FD3790007094F /* NSMapping.m */,
				F1C9B9F8183EE35900FC5D85 /* UserFromJSON.h */,
				F1C9B9F9183EE35900FC5D85 /* UserFromJSON.m */,
				F193B641183E0C79008CA8FC /* Wats Hot Posts */,
				F1618104183BAA0600EF2830 /* Table View Cell */,
				F1A8655518337F6000975F96 /* Core Data */,
				F1D1B0E818322FF50075AFC1 /* Google API */,
			);
			name = Model;
			sourceTree = "<group>";
		};
		F17B40ED182F82ED007C1E92 /* Controller */ = {
			isa = PBXGroup;
			children = (
				F1A8656C1833985F00975F96 /* Settings Bundle And Login */,
				F193B63A183DEA85008CA8FC /* wat's hot */,
				F1A8653E18329E3900975F96 /* Social Networks */,
				F1A8653D18329E2900975F96 /* Find Shops */,
				F1C9B9F1183ED3C700FC5D85 /* UpdateViewDelegate.h */,
			);
			name = Controller;
			sourceTree = "<group>";
		};
		F193B63A183DEA85008CA8FC /* wat's hot */ = {
			isa = PBXGroup;
			children = (
				F193B63B183DEAA3008CA8FC /* WatsHotViewController.h */,
				F193B63C183DEAA3008CA8FC /* WatsHotViewController.m */,
				F193B63E183DEC94008CA8FC /* WatsHotCell.h */,
				F193B63F183DEC94008CA8FC /* WatsHotCell.m */,
			);
			name = "wat's hot";
			sourceTree = "<group>";
		};
		F193B641183E0C79008CA8FC /* Wats Hot Posts */ = {
			isa = PBXGroup;
			children = (
				F193B642183E127E008CA8FC /* PostFromJSON.h */,
				F193B643183E127E008CA8FC /* PostFromJSON.m */,
			);
			name = "Wats Hot Posts";
			sourceTree = "<group>";
		};
		F19B99C01828F54400D9183D = {
			isa = PBXGroup;
			children = (
				F19B99D21828F54400D9183D /* SmartShop */,
				F19B99F41828F54400D9183D /* SmartShopTests */,
				F19B99CB1828F54400D9183D /* Frameworks */,
				F19B99CA1828F54400D9183D /* Products */,
				E1B82E736A034204A199A162 /* Pods.xcconfig */,
			);
			sourceTree = "<group>";
		};
		F19B99CA1828F54400D9183D /* Products */ = {
			isa = PBXGroup;
			children = (
				F19B99C91828F54400D9183D /* SmartShop.app */,
				F19B99ED1828F54400D9183D /* SmartShopTests.xctest */,
			);
			name = Products;
			sourceTree = "<group>";
		};
		F19B99CB1828F54400D9183D /* Frameworks */ = {
			isa = PBXGroup;
			children = (
				F1A8655F18338B0600975F96 /* CoreData.framework */,
				F1A865471832E0DC00975F96 /* Accounts.framework */,
				F1A865451832E0D700975F96 /* Social.framework */,
				F1C226F91828FB75001AB3E8 /* CoreLocation.framework */,
				F1C226F71828FB6D001AB3E8 /* MapKit.framework */,
				F19B99CC1828F54400D9183D /* Foundation.framework */,
				F19B99CE1828F54400D9183D /* CoreGraphics.framework */,
				F19B99D01828F54400D9183D /* UIKit.framework */,
				F19B99EE1828F54400D9183D /* XCTest.framework */,
				233F158B0E4145AAB319A6FD /* libPods.a */,
			);
			name = Frameworks;
			sourceTree = "<group>";
		};
		F19B99D21828F54400D9183D /* SmartShop */ = {
			isa = PBXGroup;
			children = (
				F19B99DB1828F54400D9183D /* AppDelegate.h */,
				F19B99DC1828F54400D9183D /* AppDelegate.m */,
				F1A8656718338F3B00975F96 /* Settings.bundle */,
				F19B99DE1828F54400D9183D /* Main_iPhone.storyboard */,
				F19B99E11828F54400D9183D /* Main_iPad.storyboard */,
				F17B40ED182F82ED007C1E92 /* Controller */,
				F17B40EC182F82D9007C1E92 /* Model */,
				F19B99E71828F54400D9183D /* Images.xcassets */,
				F1C9BA04183EF0A800FC5D85 /* person.png */,
				F16EC24F183E42A300C4D857 /* default-image.jpg */,
				F1C9BA06183F1EDA00FC5D85 /* hot.png */,
				F1C9BA0C183F229800FC5D85 /* cool.png */,
				F1C9BA0A183F222C00FC5D85 /* freezing.png */,
				F1653389183F5D57004E43FD /* find-shops.png */,
				F165338B183F5E3B004E43FD /* comments.png */,
				F165338D183F5EDE004E43FD /* hot-tab-icon.png */,
				F1653391183F5F7B004E43FD /* settings-icon.png */,
				F19B99D31828F54400D9183D /* Supporting Files */,
				F1A8654918337A9900975F96 /* Model.xcdatamodeld */,
			);
			path = SmartShop;
			sourceTree = "<group>";
		};
		F19B99D31828F54400D9183D /* Supporting Files */ = {
			isa = PBXGroup;
			children = (
				F19B99D41828F54400D9183D /* SmartShop-Info.plist */,
				F19B99D51828F54400D9183D /* InfoPlist.strings */,
				F19B99D81828F54400D9183D /* main.m */,
				F19B99DA1828F54400D9183D /* SmartShop-Prefix.pch */,
			);
			name = "Supporting Files";
			sourceTree = "<group>";
		};
		F19B99F41828F54400D9183D /* SmartShopTests */ = {
			isa = PBXGroup;
			children = (
				F19B99FA1828F54400D9183D /* SmartShopTests.m */,
				F19B99F51828F54400D9183D /* Supporting Files */,
			);
			path = SmartShopTests;
			sourceTree = "<group>";
		};
		F19B99F51828F54400D9183D /* Supporting Files */ = {
			isa = PBXGroup;
			children = (
				F19B99F61828F54400D9183D /* SmartShopTests-Info.plist */,
				F19B99F71828F54400D9183D /* InfoPlist.strings */,
			);
			name = "Supporting Files";
			sourceTree = "<group>";
		};
		F1A8653D18329E2900975F96 /* Find Shops */ = {
			isa = PBXGroup;
			children = (
				F1C226FB1828FDC8001AB3E8 /* RootViewController.h */,
				F1C226FC1828FDC8001AB3E8 /* RootViewController.m */,
				F1618108183BCCFB00EF2830 /* ShopController.h */,
				F1618109183BCCFB00EF2830 /* ShopController.m */,
				F193B634183CF8A7008CA8FC /* RouteController.h */,
				F193B635183CF8A7008CA8FC /* RouteController.m */,
				F193B637183D2631008CA8FC /* MapSnapshotsController.h */,
				F193B638183D2631008CA8FC /* MapSnapshotsController.m */,
				F10BB56D1830DA94006348EC /* DirectionsCell.h */,
				F10BB56E1830DA94006348EC /* DirectionsCell.m */,
				F1102DB4182AE378000B3677 /* StepByStepRouteViewController.h */,
				F1102DB5182AE378000B3677 /* StepByStepRouteViewController.m */,
				F1C9B9FD183EEB9A00FC5D85 /* CustomAnnotation.h */,
				F1C9B9FE183EEB9A00FC5D85 /* CustomAnnotation.m */,
				F1C9B9F5183EE21000FC5D85 /* FriendController.h */,
				F1C9B9F6183EE21000FC5D85 /* FriendController.m */,
			);
			name = "Find Shops";
			sourceTree = "<group>";
		};
		F1A8653E18329E3900975F96 /* Social Networks */ = {
			isa = PBXGroup;
			children = (
				F1A8654218329E9C00975F96 /* SocialNetworksViewController.h */,
				F1A8654318329E9C00975F96 /* SocialNetworksViewController.m */,
			);
			name = "Social Networks";
			sourceTree = "<group>";
		};
		F1A8655518337F6000975F96 /* Core Data */ = {
			isa = PBXGroup;
			children = (
				F1A8655C18337FDE00975F96 /* Post.h */,
				F1A8655D18337FDE00975F96 /* Post.m */,
				F1A8656418338D5100975F96 /* User.h */,
				F1A8656518338D5100975F96 /* User.m */,
				F1A8655618337FDE00975F96 /* Shop.h */,
				F1A8655718337FDE00975F96 /* Shop.m */,
			);
			name = "Core Data";
			sourceTree = "<group>";
		};
		F1A8656C1833985F00975F96 /* Settings Bundle And Login */ = {
			isa = PBXGroup;
			children = (
				F1A865691833984F00975F96 /* LoginViewController.h */,
				F1A8656A1833984F00975F96 /* LoginViewController.m */,
				F1C9B9F2183EDD6000FC5D85 /* SettingsViewController.h */,
				F1C9B9F3183EDD6000FC5D85 /* SettingsViewController.m */,
			);
			name = "Settings Bundle And Login";
			sourceTree = "<group>";
		};
		F1D1B0E818322FF50075AFC1 /* Google API */ = {
			isa = PBXGroup;
			children = (
				F17B40E9182F82CD007C1E92 /* GoogleAPIShop.h */,
				F17B40EA182F82CD007C1E92 /* GoogleAPIShop.m */,
				F1D1BDE2182FC53F0007094F /* Photo.h */,
				F1D1BDE3182FC53F0007094F /* Photo.m */,
				F1D1BDE8182FFE730007094F /* Route.h */,
				F1D1BDE9182FFE730007094F /* Route.m */,
				F1D1BDEE183000D60007094F /* Leg.h */,
				F1D1BDEF183000D60007094F /* Leg.m */,
				F1D1BDF1183008A20007094F /* Step.h */,
				F1D1BDF2183008A20007094F /* Step.m */,
				F1D1BDEB183000230007094F /* Location.h */,
				F1D1BDEC183000230007094F /* Location.m */,
			);
			name = "Google API";
			sourceTree = "<group>";
		};
/* End PBXGroup section */

/* Begin PBXNativeTarget section */
		F19B99C81828F54400D9183D /* SmartShop */ = {
			isa = PBXNativeTarget;
			buildConfigurationList = F19B99FE1828F54400D9183D /* Build configuration list for PBXNativeTarget "SmartShop" */;
			buildPhases = (
				ED1954F495A745958E75A884 /* Check Pods Manifest.lock */,
				F19B99C51828F54400D9183D /* Sources */,
				F19B99C61828F54400D9183D /* Frameworks */,
				F19B99C71828F54400D9183D /* Resources */,
				344DEE613CD14EA28CBA38ED /* Copy Pods Resources */,
			);
			buildRules = (
			);
			dependencies = (
			);
			name = SmartShop;
			productName = SmartShop;
			productReference = F19B99C91828F54400D9183D /* SmartShop.app */;
			productType = "com.apple.product-type.application";
		};
		F19B99EC1828F54400D9183D /* SmartShopTests */ = {
			isa = PBXNativeTarget;
			buildConfigurationList = F19B9A011828F54400D9183D /* Build configuration list for PBXNativeTarget "SmartShopTests" */;
			buildPhases = (
				F19B99E91828F54400D9183D /* Sources */,
				F19B99EA1828F54400D9183D /* Frameworks */,
				F19B99EB1828F54400D9183D /* Resources */,
			);
			buildRules = (
			);
			dependencies = (
				F19B99F31828F54400D9183D /* PBXTargetDependency */,
			);
			name = SmartShopTests;
			productName = SmartShopTests;
			productReference = F19B99ED1828F54400D9183D /* SmartShopTests.xctest */;
			productType = "com.apple.product-type.bundle.unit-test";
		};
/* End PBXNativeTarget section */

/* Begin PBXProject section */
		F19B99C11828F54400D9183D /* Project object */ = {
			isa = PBXProject;
			attributes = {
				LastUpgradeCheck = 0500;
				ORGANIZATIONNAME = Batman;
				TargetAttributes = {
					F19B99EC1828F54400D9183D = {
						TestTargetID = F19B99C81828F54400D9183D;
					};
				};
			};
			buildConfigurationList = F19B99C41828F54400D9183D /* Build configuration list for PBXProject "SmartShop" */;
			compatibilityVersion = "Xcode 3.2";
			developmentRegion = English;
			hasScannedForEncodings = 0;
			knownRegions = (
				en,
				Base,
			);
			mainGroup = F19B99C01828F54400D9183D;
			productRefGroup = F19B99CA1828F54400D9183D /* Products */;
			projectDirPath = "";
			projectRoot = "";
			targets = (
				F19B99C81828F54400D9183D /* SmartShop */,
				F19B99EC1828F54400D9183D /* SmartShopTests */,
			);
		};
/* End PBXProject section */

/* Begin PBXResourcesBuildPhase section */
		F19B99C71828F54400D9183D /* Resources */ = {
			isa = PBXResourcesBuildPhase;
			buildActionMask = 2147483647;
			files = (
				F19B99E31828F54400D9183D /* Main_iPad.storyboard in Resources */,
				F19B99E81828F54400D9183D /* Images.xcassets in Resources */,
				F165338E183F5EDE004E43FD /* hot-tab-icon.png in Resources */,
				F1653392183F5F7B004E43FD /* settings-icon.png in Resources */,
				F1A8656818338F3B00975F96 /* Settings.bundle in Resources */,
				F19B99E01828F54400D9183D /* Main_iPhone.storyboard in Resources */,
				F19B99D71828F54400D9183D /* InfoPlist.strings in Resources */,
				F1C9BA07183F1EDA00FC5D85 /* hot.png in Resources */,
				F165338A183F5D57004E43FD /* find-shops.png in Resources */,
				F1C9BA0D183F229800FC5D85 /* cool.png in Resources */,
				F16EC250183E42A300C4D857 /* default-image.jpg in Resources */,
				F165338C183F5E3B004E43FD /* comments.png in Resources */,
				F1C9BA0B183F222C00FC5D85 /* freezing.png in Resources */,
				F1C9BA05183EF0A800FC5D85 /* person.png in Resources */,
			);
			runOnlyForDeploymentPostprocessing = 0;
		};
		F19B99EB1828F54400D9183D /* Resources */ = {
			isa = PBXResourcesBuildPhase;
			buildActionMask = 2147483647;
			files = (
				F19B99F91828F54400D9183D /* InfoPlist.strings in Resources */,
			);
			runOnlyForDeploymentPostprocessing = 0;
		};
/* End PBXResourcesBuildPhase section */

/* Begin PBXShellScriptBuildPhase section */
		344DEE613CD14EA28CBA38ED /* Copy Pods Resources */ = {
			isa = PBXShellScriptBuildPhase;
			buildActionMask = 2147483647;
			files = (
			);
			inputPaths = (
			);
			name = "Copy Pods Resources";
			outputPaths = (
			);
			runOnlyForDeploymentPostprocessing = 0;
			shellPath = /bin/sh;
			shellScript = "\"${SRCROOT}/Pods/Pods-resources.sh\"\n";
			showEnvVarsInLog = 0;
		};
		ED1954F495A745958E75A884 /* Check Pods Manifest.lock */ = {
			isa = PBXShellScriptBuildPhase;
			buildActionMask = 2147483647;
			files = (
			);
			inputPaths = (
			);
			name = "Check Pods Manifest.lock";
			outputPaths = (
			);
			runOnlyForDeploymentPostprocessing = 0;
			shellPath = /bin/sh;
			shellScript = "diff \"${PODS_ROOT}/../Podfile.lock\" \"${PODS_ROOT}/Manifest.lock\" > /dev/null\nif [[ $? != 0 ]] ; then\n    cat << EOM\nerror: The sandbox is not in sync with the Podfile.lock. Run 'pod install' or update your CocoaPods installation.\nEOM\n    exit 1\nfi\n";
			showEnvVarsInLog = 0;
		};
/* End PBXShellScriptBuildPhase section */

/* Begin PBXSourcesBuildPhase section */
		F19B99C51828F54400D9183D /* Sources */ = {
			isa = PBXSourcesBuildPhase;
			buildActionMask = 2147483647;
			files = (
				F1D1BDF0183000D60007094F /* Leg.m in Sources */,
				F1C9B9F7183EE21000FC5D85 /* FriendController.m in Sources */,
				F1618107183BAAE700EF2830 /* DirectionCellModel.m in Sources */,
				F1D1BDF3183008A20007094F /* Step.m in Sources */,
				F193B644183E127E008CA8FC /* PostFromJSON.m in Sources */,
				F193B639183D2631008CA8FC /* MapSnapshotsController.m in Sources */,
				F1A8656618338D5100975F96 /* User.m in Sources */,
				F1A8654B18337A9900975F96 /* Model.xcdatamodeld in Sources */,
				F10BB56F1830DA94006348EC /* DirectionsCell.m in Sources */,
				F1D1BDE4182FC53F0007094F /* Photo.m in Sources */,
				F19B99DD1828F54400D9183D /* AppDelegate.m in Sources */,
				F1D1BDEA182FFE730007094F /* Route.m in Sources */,
				F1D1BDE7182FD3790007094F /* NSMapping.m in Sources */,
				F1A8654418329E9C00975F96 /* SocialNetworksViewController.m in Sources */,
				F1C9B9FF183EEB9A00FC5D85 /* CustomAnnotation.m in Sources */,
				F193B636183CF8A7008CA8FC /* RouteController.m in Sources */,
				F1A8656B1833984F00975F96 /* LoginViewController.m in Sources */,
				F1102DB6182AE378000B3677 /* StepByStepRouteViewController.m in Sources */,
				F1A8655818337FDE00975F96 /* Shop.m in Sources */,
				F161810A183BCCFB00EF2830 /* ShopController.m in Sources */,
				F1A8655E18337FDE00975F96 /* Post.m in Sources */,
				F193B640183DEC94008CA8FC /* WatsHotCell.m in Sources */,
				F1D1BDED183000230007094F /* Location.m in Sources */,
				F1C9B9FA183EE35900FC5D85 /* UserFromJSON.m in Sources */,
				F193B63D183DEAA3008CA8FC /* WatsHotViewController.m in Sources */,
				F1C226FD1828FDC8001AB3E8 /* RootViewController.m in Sources */,
				F19B99D91828F54400D9183D /* main.m in Sources */,
				F17B40EB182F82CD007C1E92 /* GoogleAPIShop.m in Sources */,
				F1C9B9F4183EDD6000FC5D85 /* SettingsViewController.m in Sources */,
			);
			runOnlyForDeploymentPostprocessing = 0;
		};
		F19B99E91828F54400D9183D /* Sources */ = {
			isa = PBXSourcesBuildPhase;
			buildActionMask = 2147483647;
			files = (
				F19B99FB1828F54400D9183D /* SmartShopTests.m in Sources */,
			);
			runOnlyForDeploymentPostprocessing = 0;
		};
/* End PBXSourcesBuildPhase section */

/* Begin PBXTargetDependency section */
		F19B99F31828F54400D9183D /* PBXTargetDependency */ = {
			isa = PBXTargetDependency;
			target = F19B99C81828F54400D9183D /* SmartShop */;
			targetProxy = F19B99F21828F54400D9183D /* PBXContainerItemProxy */;
		};
/* End PBXTargetDependency section */

/* Begin PBXVariantGroup section */
		F19B99D51828F54400D9183D /* InfoPlist.strings */ = {
			isa = PBXVariantGroup;
			children = (
				F19B99D61828F54400D9183D /* en */,
			);
			name = InfoPlist.strings;
			sourceTree = "<group>";
		};
		F19B99DE1828F54400D9183D /* Main_iPhone.storyboard */ = {
			isa = PBXVariantGroup;
			children = (
				F19B99DF1828F54400D9183D /* Base */,
			);
			name = Main_iPhone.storyboard;
			sourceTree = "<group>";
		};
		F19B99E11828F54400D9183D /* Main_iPad.storyboard */ = {
			isa = PBXVariantGroup;
			children = (
				F19B99E21828F54400D9183D /* Base */,
			);
			name = Main_iPad.storyboard;
			sourceTree = "<group>";
		};
		F19B99F71828F54400D9183D /* InfoPlist.strings */ = {
			isa = PBXVariantGroup;
			children = (
				F19B99F81828F54400D9183D /* en */,
			);
			name = InfoPlist.strings;
			sourceTree = "<group>";
		};
/* End PBXVariantGroup section */

/* Begin XCBuildConfiguration section */
		F19B99FC1828F54400D9183D /* Debug */ = {
			isa = XCBuildConfiguration;
			buildSettings = {
				ALWAYS_SEARCH_USER_PATHS = NO;
				ARCHS = "$(ARCHS_STANDARD_INCLUDING_64_BIT)";
				CLANG_CXX_LANGUAGE_STANDARD = "gnu++0x";
				CLANG_CXX_LIBRARY = "libc++";
				CLANG_ENABLE_MODULES = YES;
				CLANG_ENABLE_OBJC_ARC = YES;
				CLANG_WARN_BOOL_CONVERSION = YES;
				CLANG_WARN_CONSTANT_CONVERSION = YES;
				CLANG_WARN_DIRECT_OBJC_ISA_USAGE = YES_ERROR;
				CLANG_WARN_EMPTY_BODY = YES;
				CLANG_WARN_ENUM_CONVERSION = YES;
				CLANG_WARN_INT_CONVERSION = YES;
				CLANG_WARN_OBJC_ROOT_CLASS = YES_ERROR;
				CLANG_WARN__DUPLICATE_METHOD_MATCH = YES;
				"CODE_SIGN_IDENTITY[sdk=iphoneos*]" = "iPhone Developer";
				COPY_PHASE_STRIP = NO;
				GCC_C_LANGUAGE_STANDARD = gnu99;
				GCC_DYNAMIC_NO_PIC = NO;
				GCC_OPTIMIZATION_LEVEL = 0;
				GCC_PREPROCESSOR_DEFINITIONS = (
					"DEBUG=1",
					"$(inherited)",
				);
				GCC_SYMBOLS_PRIVATE_EXTERN = NO;
				GCC_WARN_64_TO_32_BIT_CONVERSION = YES;
				GCC_WARN_ABOUT_RETURN_TYPE = YES_ERROR;
				GCC_WARN_UNDECLARED_SELECTOR = YES;
				GCC_WARN_UNINITIALIZED_AUTOS = YES;
				GCC_WARN_UNUSED_FUNCTION = YES;
				GCC_WARN_UNUSED_VARIABLE = YES;
				IPHONEOS_DEPLOYMENT_TARGET = 7.0;
				ONLY_ACTIVE_ARCH = YES;
				SDKROOT = iphoneos;
				TARGETED_DEVICE_FAMILY = "1,2";
			};
			name = Debug;
		};
		F19B99FD1828F54400D9183D /* Release */ = {
			isa = XCBuildConfiguration;
			buildSettings = {
				ALWAYS_SEARCH_USER_PATHS = NO;
				ARCHS = "$(ARCHS_STANDARD_INCLUDING_64_BIT)";
				CLANG_CXX_LANGUAGE_STANDARD = "gnu++0x";
				CLANG_CXX_LIBRARY = "libc++";
				CLANG_ENABLE_MODULES = YES;
				CLANG_ENABLE_OBJC_ARC = YES;
				CLANG_WARN_BOOL_CONVERSION = YES;
				CLANG_WARN_CONSTANT_CONVERSION = YES;
				CLANG_WARN_DIRECT_OBJC_ISA_USAGE = YES_ERROR;
				CLANG_WARN_EMPTY_BODY = YES;
				CLANG_WARN_ENUM_CONVERSION = YES;
				CLANG_WARN_INT_CONVERSION = YES;
				CLANG_WARN_OBJC_ROOT_CLASS = YES_ERROR;
				CLANG_WARN__DUPLICATE_METHOD_MATCH = YES;
				"CODE_SIGN_IDENTITY[sdk=iphoneos*]" = "iPhone Developer";
				COPY_PHASE_STRIP = YES;
				ENABLE_NS_ASSERTIONS = NO;
				GCC_C_LANGUAGE_STANDARD = gnu99;
				GCC_WARN_64_TO_32_BIT_CONVERSION = YES;
				GCC_WARN_ABOUT_RETURN_TYPE = YES_ERROR;
				GCC_WARN_UNDECLARED_SELECTOR = YES;
				GCC_WARN_UNINITIALIZED_AUTOS = YES;
				GCC_WARN_UNUSED_FUNCTION = YES;
				GCC_WARN_UNUSED_VARIABLE = YES;
				IPHONEOS_DEPLOYMENT_TARGET = 7.0;
				SDKROOT = iphoneos;
				TARGETED_DEVICE_FAMILY = "1,2";
				VALIDATE_PRODUCT = YES;
			};
			name = Release;
		};
		F19B99FF1828F54400D9183D /* Debug */ = {
			isa = XCBuildConfiguration;
			baseConfigurationReference = E1B82E736A034204A199A162 /* Pods.xcconfig */;
			buildSettings = {
				ASSETCATALOG_COMPILER_APPICON_NAME = AppIcon;
				ASSETCATALOG_COMPILER_LAUNCHIMAGE_NAME = LaunchImage;
				GCC_PRECOMPILE_PREFIX_HEADER = YES;
				GCC_PREFIX_HEADER = "SmartShop/SmartShop-Prefix.pch";
				INFOPLIST_FILE = "SmartShop/SmartShop-Info.plist";
				PRODUCT_NAME = "$(TARGET_NAME)";
				WRAPPER_EXTENSION = app;
			};
			name = Debug;
		};
		F19B9A001828F54400D9183D /* Release */ = {
			isa = XCBuildConfiguration;
			baseConfigurationReference = E1B82E736A034204A199A162 /* Pods.xcconfig */;
			buildSettings = {
				ASSETCATALOG_COMPILER_APPICON_NAME = AppIcon;
				ASSETCATALOG_COMPILER_LAUNCHIMAGE_NAME = LaunchImage;
				GCC_PRECOMPILE_PREFIX_HEADER = YES;
				GCC_PREFIX_HEADER = "SmartShop/SmartShop-Prefix.pch";
				INFOPLIST_FILE = "SmartShop/SmartShop-Info.plist";
				PRODUCT_NAME = "$(TARGET_NAME)";
				WRAPPER_EXTENSION = app;
			};
			name = Release;
		};
		F19B9A021828F54400D9183D /* Debug */ = {
			isa = XCBuildConfiguration;
			buildSettings = {
				ARCHS = "$(ARCHS_STANDARD_INCLUDING_64_BIT)";
				BUNDLE_LOADER = "$(BUILT_PRODUCTS_DIR)/SmartShop.app/SmartShop";
				FRAMEWORK_SEARCH_PATHS = (
					"$(SDKROOT)/Developer/Library/Frameworks",
					"$(inherited)",
					"$(DEVELOPER_FRAMEWORKS_DIR)",
				);
				GCC_PRECOMPILE_PREFIX_HEADER = YES;
				GCC_PREFIX_HEADER = "SmartShop/SmartShop-Prefix.pch";
				GCC_PREPROCESSOR_DEFINITIONS = (
					"DEBUG=1",
					"$(inherited)",
				);
				INFOPLIST_FILE = "SmartShopTests/SmartShopTests-Info.plist";
				PRODUCT_NAME = "$(TARGET_NAME)";
				TEST_HOST = "$(BUNDLE_LOADER)";
				WRAPPER_EXTENSION = xctest;
			};
			name = Debug;
		};
		F19B9A031828F54400D9183D /* Release */ = {
			isa = XCBuildConfiguration;
			buildSettings = {
				ARCHS = "$(ARCHS_STANDARD_INCLUDING_64_BIT)";
				BUNDLE_LOADER = "$(BUILT_PRODUCTS_DIR)/SmartShop.app/SmartShop";
				FRAMEWORK_SEARCH_PATHS = (
					"$(SDKROOT)/Developer/Library/Frameworks",
					"$(inherited)",
					"$(DEVELOPER_FRAMEWORKS_DIR)",
				);
				GCC_PRECOMPILE_PREFIX_HEADER = YES;
				GCC_PREFIX_HEADER = "SmartShop/SmartShop-Prefix.pch";
				INFOPLIST_FILE = "SmartShopTests/SmartShopTests-Info.plist";
				PRODUCT_NAME = "$(TARGET_NAME)";
				TEST_HOST = "$(BUNDLE_LOADER)";
				WRAPPER_EXTENSION = xctest;
			};
			name = Release;
		};
/* End XCBuildConfiguration section */

/* Begin XCConfigurationList section */
		F19B99C41828F54400D9183D /* Build configuration list for PBXProject "SmartShop" */ = {
			isa = XCConfigurationList;
			buildConfigurations = (
				F19B99FC1828F54400D9183D /* Debug */,
				F19B99FD1828F54400D9183D /* Release */,
			);
			defaultConfigurationIsVisible = 0;
			defaultConfigurationName = Release;
		};
		F19B99FE1828F54400D9183D /* Build configuration list for PBXNativeTarget "SmartShop" */ = {
			isa = XCConfigurationList;
			buildConfigurations = (
				F19B99FF1828F54400D9183D /* Debug */,
				F19B9A001828F54400D9183D /* Release */,
			);
			defaultConfigurationIsVisible = 0;
			defaultConfigurationName = Release;
		};
		F19B9A011828F54400D9183D /* Build configuration list for PBXNativeTarget "SmartShopTests" */ = {
			isa = XCConfigurationList;
			buildConfigurations = (
				F19B9A021828F54400D9183D /* Debug */,
				F19B9A031828F54400D9183D /* Release */,
			);
			defaultConfigurationIsVisible = 0;
			defaultConfigurationName = Release;
		};
/* End XCConfigurationList section */

/* Begin XCVersionGroup section */
		F1A8654918337A9900975F96 /* Model.xcdatamodeld */ = {
			isa = XCVersionGroup;
			children = (
				F1A8654A18337A9900975F96 /* Model.xcdatamodel */,
			);
			currentVersion = F1A8654A18337A9900975F96 /* Model.xcdatamodel */;
			path = Model.xcdatamodeld;
			sourceTree = "<group>";
			versionGroupType = wrapper.xcdatamodel;
		};
/* End XCVersionGroup section */
	};
	rootObject = F19B99C11828F54400D9183D /* Project object */;
}
